
Microsoft Visual Studio Solution File, Format Version 12.00
# Visual Studio Version 17
VisualStudioVersion = 17.5.002.0
MinimumVisualStudioVersion = 10.0.40219.1
Project("{9A19103F-16F7-4668-BE54-9A1E7A4F7556}") = "Unity.Worker.BPJSTK", "Unity.Worker.BPJSTK.csproj", "{4EE58E41-1499-4F06-9BDE-920D2185EA4C}"
EndProject
Global
	GlobalSection(SolutionConfigurationPlatforms) = preSolution
		Debug|Any CPU = Debug|Any CPU
		Release|Any CPU = Release|Any CPU
	EndGlobalSection
	GlobalSection(ProjectConfigurationPlatforms) = postSolution
		{4EE58E41-1499-4F06-9BDE-920D2185EA4C}.Debug|Any CPU.ActiveCfg = Debug|Any CPU
		{4EE58E41-1499-4F06-9BDE-920D2185EA4C}.Debug|Any CPU.Build.0 = Debug|Any CPU
		{4EE58E41-1499-4F06-9BDE-920D2185EA4C}.Release|Any CPU.ActiveCfg = Release|Any CPU
		{4EE58E41-1499-4F06-9BDE-920D2185EA4C}.Release|Any CPU.Build.0 = Release|Any CPU
	EndGlobalSection
	GlobalSection(SolutionProperties) = preSolution
		HideSolutionNode = FALSE
	EndGlobalSection
	GlobalSection(ExtensibilityGlobals) = postSolution
		SolutionGuid = {6BE23426-1DE8-44EF-B3FF-AF4627E1481E}
	EndGlobalSection
EndGlobal
